
Microsoft Visual Studio Solution File, Format Version 12.00
# Visual Studio Version 16
VisualStudioVersion = 16.0.31702.278
MinimumVisualStudioVersion = 10.0.40219.1
Project("{FAE04EC0-301F-11D3-BF4B-00C04F79EFBC}") = "WeddingApp", "WeddingApp\WeddingApp.csproj", "{27DD481B-F97E-42E7-84C4-EE5D252A62FB}"
EndProject
Global
	GlobalSection(SolutionConfigurationPlatforms) = preSolution
		Debug|Any CPU = Debug|Any CPU
		Release|Any CPU = Release|Any CPU
	EndGlobalSection
	GlobalSection(ProjectConfigurationPlatforms) = postSolution
		{27DD481B-F97E-42E7-84C4-EE5D252A62FB}.Debug|Any CPU.ActiveCfg = Debug|Any CPU
		{27DD481B-F97E-42E7-84C4-EE5D252A62FB}.Debug|Any CPU.Build.0 = Debug|Any CPU
		{27DD481B-F97E-42E7-84C4-EE5D252A62FB}.Release|Any CPU.ActiveCfg = Release|Any CPU
		{27DD481B-F97E-42E7-84C4-EE5D252A62FB}.Release|Any CPU.Build.0 = Release|Any CPU
	EndGlobalSection
	GlobalSection(SolutionProperties) = preSolution
		HideSolutionNode = FALSE
	EndGlobalSection
	GlobalSection(ExtensibilityGlobals) = postSolution
		SolutionGuid = {35A65D7C-2DB3-4B41-A1F3-DA39E3DC692D}
	EndGlobalSection
EndGlobal
